<Solution>
  <Folder Name="/extensions/">
    <Project Path="extensions/Shirubasoft.Aspire.Extensions.Kafka/samples/Kafka.AppHost/Kafka.AppHost.csproj" />
    <Project Path="extensions/Shirubasoft.Aspire.Extensions.Kafka/src/Shirubasoft.Aspire.Extensions.Kafka/Shirubasoft.Aspire.Extensions.Kafka.csproj" />
    <Project Path="extensions/Shirubasoft.Aspire.Extensions.Kafka/tests/Shirubasoft.Aspire.Extensions.Kafka.PackageTests/Shirubasoft.Aspire.Extensions.Kafka.PackageTests.csproj" />
    <Project Path="extensions/Shirubasoft.Aspire.Extensions.Kafka/tests/Shirubasoft.Aspire.Extensions.Kafka.Tests/Shirubasoft.Aspire.Extensions.Kafka.Tests.csproj" />
    <Project Path="extensions/Shirubasoft.Aspire.Extensions.ResourceGroups/samples/ResourceGroups.AppHost/ResourceGroups.AppHost.csproj" />
    <Project Path="extensions/Shirubasoft.Aspire.Extensions.ResourceGroups/src/Shirubasoft.Aspire.Extensions.ResourceGroups/Shirubasoft.Aspire.Extensions.ResourceGroups.csproj" />
    <Project Path="extensions/Shirubasoft.Aspire.Extensions.ResourceGroups/tests/Shirubasoft.Aspire.Extensions.ResourceGroups.PackageTests/Shirubasoft.Aspire.Extensions.ResourceGroups.PackageTests.csproj" />
    <Project Path="extensions/Shirubasoft.Aspire.Extensions.ResourceGroups/tests/Shirubasoft.Aspire.Extensions.ResourceGroups.Tests/Shirubasoft.Aspire.Extensions.ResourceGroups.Tests.csproj" />
  </Folder>
  <Folder Name="/tools/">
    <Project Path="tools/CrapScore/CrapScore.csproj" />
    <Project Path="tests/CrapScore.Tests/CrapScore.Tests.csproj" />
  </Folder>
</Solution>
