<Solution>
  <Folder Name="/extensions/">
    <Project Path="extensions/Shirubasoft.Aspire.Extensions.Kafka/samples/Kafka.AppHost/Kafka.AppHost.csproj" />
    <Project Path="extensions/Shirubasoft.Aspire.Extensions.Kafka/src/Shirubasoft.Aspire.Extensions.Kafka/Shirubasoft.Aspire.Extensions.Kafka.csproj" />
    <Project Path="extensions/Shirubasoft.Aspire.Extensions.Kafka/tests/Shirubasoft.Aspire.Extensions.Kafka.PackageTests/Shirubasoft.Aspire.Extensions.Kafka.PackageTests.csproj" />
    <Project Path="extensions/Shirubasoft.Aspire.Extensions.Kafka/tests/Shirubasoft.Aspire.Extensions.Kafka.Tests/Shirubasoft.Aspire.Extensions.Kafka.Tests.csproj" />
    <Project Path="extensions/Shirubasoft.Aspire.Extensions.Multirepo/samples/AppHostA/Api/ModularSample.Api.csproj" />
    <Project Path="extensions/Shirubasoft.Aspire.Extensions.Multirepo/samples/AppHostA/ModularSample.AppHostA.csproj" />
    <Project Path="extensions/Shirubasoft.Aspire.Extensions.Multirepo/samples/AppHostB/Gateway/ModularSample.Gateway.csproj" />
    <Project Path="extensions/Shirubasoft.Aspire.Extensions.Multirepo/samples/AppHostB/ModularSample.AppHostB.csproj" />
    <Project Path="extensions/Shirubasoft.Aspire.Extensions.Multirepo/samples/E2ETesting/EShop.Catalog.Api/EShop.Catalog.Api.csproj" />
    <Project Path="extensions/Shirubasoft.Aspire.Extensions.Multirepo/samples/E2ETesting/EShop.E2E.AppHost/EShop.E2E.AppHost.csproj" />
    <Project Path="extensions/Shirubasoft.Aspire.Extensions.Multirepo/samples/E2ETesting/EShop.E2E.Tests/EShop.E2E.Tests.csproj" />
    <Project Path="extensions/Shirubasoft.Aspire.Extensions.Multirepo/samples/E2ETesting/EShop.Modules/EShop.Modules.csproj" />
    <Project Path="extensions/Shirubasoft.Aspire.Extensions.Multirepo/samples/E2ETesting/EShop.Orders.Api/EShop.Orders.Api.csproj" />
    <Project Path="extensions/Shirubasoft.Aspire.Extensions.Multirepo/samples/ImagePushE2E/ImagePush.E2E.AppHost/ExportedProject/ImagePush.ExportedProject.csproj" />
    <Project Path="extensions/Shirubasoft.Aspire.Extensions.Multirepo/samples/ImagePushE2E/ImagePush.E2E.AppHost/ImagePush.E2E.AppHost.csproj" />
    <Project Path="extensions/Shirubasoft.Aspire.Extensions.Multirepo/samples/ModularSamples.Tests/ModularSamples.Tests.csproj" />
    <Project Path="extensions/Shirubasoft.Aspire.Extensions.Multirepo/samples/ModuleContract/ModularSample.ModuleContract.csproj" />
    <Project Path="extensions/Shirubasoft.Aspire.Extensions.Multirepo/samples/MultiRepoE2E/Spire.Consumer.AppHost/Spire.Consumer.AppHost.csproj" />
    <Project Path="extensions/Shirubasoft.Aspire.Extensions.Multirepo/samples/MultiRepoE2E/Spire.Consumer.Tests/Spire.Consumer.Tests.csproj" />
    <Project Path="extensions/Shirubasoft.Aspire.Extensions.Multirepo/samples/MultiRepoE2E/Spire.ModuleContract/Spire.ModuleContract.csproj" />
    <Project Path="extensions/Shirubasoft.Aspire.Extensions.Multirepo/samples/MultiRepoE2E/Spire.Producer.AppHost/Spire.Producer.AppHost.csproj" />
    <Project Path="extensions/Shirubasoft.Aspire.Extensions.Multirepo/samples/RemoteInitialization/RemoteInitialization.AppHost.csproj" />
    <Project Path="extensions/Shirubasoft.Aspire.Extensions.Multirepo/src/Shirubasoft.Aspire.Extensions.Multirepo.Generators/Shirubasoft.Aspire.Extensions.Multirepo.Generators.csproj" />
    <Project Path="extensions/Shirubasoft.Aspire.Extensions.Multirepo/src/Shirubasoft.Aspire.Extensions.Multirepo.Testing/Shirubasoft.Aspire.Extensions.Multirepo.Testing.csproj" />
    <Project Path="extensions/Shirubasoft.Aspire.Extensions.Multirepo/src/Shirubasoft.Aspire.Extensions.Multirepo.Tool/Shirubasoft.Aspire.Extensions.Multirepo.Tool.csproj" />
    <Project Path="extensions/Shirubasoft.Aspire.Extensions.Multirepo/src/Shirubasoft.Aspire.Extensions.Multirepo/Shirubasoft.Aspire.Extensions.Multirepo.csproj" />
    <Project Path="extensions/Shirubasoft.Aspire.Extensions.Multirepo/templates/Shirubasoft.Aspire.Extensions.Multirepo.Templates.csproj" />
    <Project Path="extensions/Shirubasoft.Aspire.Extensions.Multirepo/tests/Shirubasoft.Aspire.Extensions.Multirepo.PackageTests/Shirubasoft.Aspire.Extensions.Multirepo.PackageTests.csproj" />
    <Project Path="extensions/Shirubasoft.Aspire.Extensions.Multirepo/tests/Shirubasoft.Aspire.Extensions.Multirepo.Testing.Tests/Shirubasoft.Aspire.Extensions.Multirepo.Testing.Tests.csproj" />
    <Project Path="extensions/Shirubasoft.Aspire.Extensions.Multirepo/tests/Shirubasoft.Aspire.Extensions.Multirepo.Tests/Shirubasoft.Aspire.Extensions.Multirepo.Tests.csproj" />
    <Project Path="extensions/Shirubasoft.Aspire.Extensions.Multirepo/tests/Shirubasoft.Aspire.Extensions.Multirepo.Tool.Tests/Shirubasoft.Aspire.Extensions.Multirepo.Tool.Tests.csproj" />
    <Project Path="extensions/Shirubasoft.Aspire.Extensions.Multirepo/tests/Spire.MultiRepo.E2E.Support/Spire.MultiRepo.E2E.Support.csproj" />
    <Project Path="extensions/Shirubasoft.Aspire.Extensions.Multirepo/tests/Spire.MultiRepo.E2E.Tests/Spire.MultiRepo.E2E.Tests.csproj" />
    <Project Path="extensions/Shirubasoft.Aspire.Extensions.ResourceGroups/samples/ResourceGroups.AppHost/ResourceGroups.AppHost.csproj" />
    <Project Path="extensions/Shirubasoft.Aspire.Extensions.ResourceGroups/src/Shirubasoft.Aspire.Extensions.ResourceGroups/Shirubasoft.Aspire.Extensions.ResourceGroups.csproj" />
    <Project Path="extensions/Shirubasoft.Aspire.Extensions.ResourceGroups/tests/Shirubasoft.Aspire.Extensions.ResourceGroups.PackageTests/Shirubasoft.Aspire.Extensions.ResourceGroups.PackageTests.csproj" />
    <Project Path="extensions/Shirubasoft.Aspire.Extensions.ResourceGroups/tests/Shirubasoft.Aspire.Extensions.ResourceGroups.Tests/Shirubasoft.Aspire.Extensions.ResourceGroups.Tests.csproj" />
  </Folder>
  <Folder Name="/tools/">
    <Project Path="tools/CrapScore/CrapScore.csproj" />
    <Project Path="tests/CrapScore.Tests/CrapScore.Tests.csproj" />
  </Folder>
</Solution>
