<Solution>
  <Folder Name="/samples/">
    <Project Path="samples/ResourceGroups.AppHost/ResourceGroups.AppHost.csproj" />
  </Folder>
  <Folder Name="/src/">
    <Project Path="src/Shirubasoft.Aspire.Extensions.ResourceGroups/Shirubasoft.Aspire.Extensions.ResourceGroups.csproj" />
  </Folder>
  <Folder Name="/tests/">
    <Project Path="tests/Shirubasoft.Aspire.Extensions.ResourceGroups.PackageTests/Shirubasoft.Aspire.Extensions.ResourceGroups.PackageTests.csproj" />
    <Project Path="tests/Shirubasoft.Aspire.Extensions.ResourceGroups.Tests/Shirubasoft.Aspire.Extensions.ResourceGroups.Tests.csproj" />
  </Folder>
</Solution>
